
Microsoft Visual Studio Solution File, Format Version 12.00
# Visual Studio Version 17
VisualStudioVersion = 17.2.32505.173
MinimumVisualStudioVersion = 10.0.40219.1
Project("{FAE04EC0-301F-11D3-BF4B-00C04F79EFBC}") = "Practice_CRUD", "Practice_CRUD\Practice_CRUD.csproj", "{23000A0C-BB1E-41EE-8BA5-1B82A4CA86CF}"
EndProject
Global
	GlobalSection(SolutionConfigurationPlatforms) = preSolution
		Debug|Any CPU = Debug|Any CPU
		Release|Any CPU = Release|Any CPU
	EndGlobalSection
	GlobalSection(ProjectConfigurationPlatforms) = postSolution
		{23000A0C-BB1E-41EE-8BA5-1B82A4CA86CF}.Debug|Any CPU.ActiveCfg = Debug|Any CPU
		{23000A0C-BB1E-41EE-8BA5-1B82A4CA86CF}.Debug|Any CPU.Build.0 = Debug|Any CPU
		{23000A0C-BB1E-41EE-8BA5-1B82A4CA86CF}.Release|Any CPU.ActiveCfg = Release|Any CPU
		{23000A0C-BB1E-41EE-8BA5-1B82A4CA86CF}.Release|Any CPU.Build.0 = Release|Any CPU
	EndGlobalSection
	GlobalSection(SolutionProperties) = preSolution
		HideSolutionNode = FALSE
	EndGlobalSection
	GlobalSection(ExtensibilityGlobals) = postSolution
		SolutionGuid = {A2FE4236-8D3F-4939-8D4F-54438DC3EB5A}
	EndGlobalSection
EndGlobal
